{
  "name": "blessed",
  "version": "0.1.81",
  "lockfileVersion": 1,
  "requires": true,
  "dependencies": {
    "@ject/mixin": {
      "version": "0.0.11",
      "resolved": "https://registry.npmjs.org/@ject/mixin/-/mixin-0.0.11.tgz",
      "integrity": "sha512-nSTYE8/mGUyTk7Htzjyu8GUu4KYmcjkxdKUldDhjZq+Smrw05TNeQVFzhCWIKXNNc8cyJyjpsLtoJ0TgC+O6zA==",
      "requires": {
        "@ject/rename": "^0.0.11",
        "@vect/vector-mapper": "^0.3.9"
      }
    },
    "@ject/rename": {
      "version": "0.0.11",
      "resolved": "https://registry.npmjs.org/@ject/rename/-/rename-0.0.11.tgz",
      "integrity": "sha512-/pSUBTs6l6JdxQoVx2xSqzSlSfiYC/JTx0lmskUwkrhhQfKxdArLIccM9JrJj7X4mu2fuEgYEPQeTq5zXG/zVw=="
    },
    "@pres/enum-control-chars": {
      "version": "0.1.8",
      "resolved": "https://registry.npmjs.org/@pres/enum-control-chars/-/enum-control-chars-0.1.8.tgz",
      "integrity": "sha512-RZkL0I9jlp7I+O1rm5QIBmBG+dbpEeuWsdXQh4qad4eOhercB/X+2na8kYLParKVxUzm6yyvg/qkOZVtt56MWg=="
    },
    "@pres/enum-csi-codes": {
      "version": "0.1.8",
      "resolved": "https://registry.npmjs.org/@pres/enum-csi-codes/-/enum-csi-codes-0.1.8.tgz",
      "integrity": "sha512-2w/2r16FRswS1F59oZxlSMSyAGV1IJL1TRYkBMlsa6muxWXJ9PUsc8wxn4tfhWA0992HkZIImG2vdCisDXJ1lQ=="
    },
    "@pres/enum-events": {
      "version": "0.1.8",
      "resolved": "https://registry.npmjs.org/@pres/enum-events/-/enum-events-0.1.8.tgz",
      "integrity": "sha512-R3Lu4DhB9UQnJi2T+ZC+N8A3JsEXTiH/rQP4nkJCiHvZVkJwmj6qa+zR8tIpVEgbBvlk/rMljuo/Daey26BU6g=="
    },
    "@texting/enum-chars": {
      "version": "0.0.9",
      "resolved": "https://registry.npmjs.org/@texting/enum-chars/-/enum-chars-0.0.9.tgz",
      "integrity": "sha512-G97vmwsj/hm8I7w5VCmcxNiftJc75ACj07Wu5SHxL0FBLigIvH66gQo/A0H3pQOot5DL+6kHB6thQqrOrADM9A=="
    },
    "@typen/enum-data-types": {
      "version": "0.1.16",
      "resolved": "https://registry.npmjs.org/@typen/enum-data-types/-/enum-data-types-0.1.16.tgz",
      "integrity": "sha512-G/HEtSJPQcFyYnx05pWqV9Mt8JtriMt+bTSrinOfzmLOQeuf/AreojJn5c9raEuhTfzS3VRvGCMbBI1vJXYbEw=="
    },
    "@vect/vector-index": {
      "version": "0.3.9",
      "resolved": "https://registry.npmjs.org/@vect/vector-index/-/vector-index-0.3.9.tgz",
      "integrity": "sha512-xFshlfigEVloFzjKv8KQwfIevlq5TfWaqG3fuesS5DDZmYY2is53/Jf+WH9AH1raibRlDlAn21nKD5ou8jnmMw==",
      "requires": {
        "@vect/vector-mapper": "^0.3.9"
      }
    },
    "@vect/vector-mapper": {
      "version": "0.3.9",
      "resolved": "https://registry.npmjs.org/@vect/vector-mapper/-/vector-mapper-0.3.9.tgz",
      "integrity": "sha512-thk3TCoQcKH2fSycPZppx7/h+GfVIYlJeAGgsaAhZJUCcIG8hMa7p8IZEL0VHXijGOTHA9VJDF8NI/y9q5uFWQ=="
    }
  }
}
