# THIS IS AN AUTOGENERATED FILE. DO NOT EDIT THIS FILE DIRECTLY.
# yarn lockfile v1


"@ject/mixin@^0.0.11":
  version "0.0.11"
  resolved "https://registry.yarnpkg.com/@ject/mixin/-/mixin-0.0.11.tgz#27461e0e03b5f6ea13c5cd07e4b535480fed57ff"
  integrity sha512-nSTYE8/mGUyTk7Htzjyu8GUu4KYmcjkxdKUldDhjZq+Smrw05TNeQVFzhCWIKXNNc8cyJyjpsLtoJ0TgC+O6zA==
  dependencies:
    "@ject/rename" "^0.0.11"
    "@vect/vector-mapper" "^0.3.9"

"@ject/rename@^0.0.11":
  version "0.0.11"
  resolved "https://registry.yarnpkg.com/@ject/rename/-/rename-0.0.11.tgz#de60072220fa3ea26a714bd73fb365d34b29cdd0"
  integrity sha512-/pSUBTs6l6JdxQoVx2xSqzSlSfiYC/JTx0lmskUwkrhhQfKxdArLIccM9JrJj7X4mu2fuEgYEPQeTq5zXG/zVw==

"@texting/enum-chars@^0.0.9":
  version "0.0.9"
  resolved "https://registry.yarnpkg.com/@texting/enum-chars/-/enum-chars-0.0.9.tgz#7babb7acfb63e00008c89c8f06d972e166078da0"
  integrity sha512-G97vmwsj/hm8I7w5VCmcxNiftJc75ACj07Wu5SHxL0FBLigIvH66gQo/A0H3pQOot5DL+6kHB6thQqrOrADM9A==

"@typen/enum-data-types@^0.1.16":
  version "0.1.16"
  resolved "https://registry.yarnpkg.com/@typen/enum-data-types/-/enum-data-types-0.1.16.tgz#4825753adec95b2c9eb71887ef812b299b5f76f7"
  integrity sha512-G/HEtSJPQcFyYnx05pWqV9Mt8JtriMt+bTSrinOfzmLOQeuf/AreojJn5c9raEuhTfzS3VRvGCMbBI1vJXYbEw==

"@vect/vector-mapper@^0.3.9":
  version "0.3.9"
  resolved "https://registry.yarnpkg.com/@vect/vector-mapper/-/vector-mapper-0.3.9.tgz#92af82e9ead3d73fa34412739e4205ace5fd3557"
  integrity sha512-thk3TCoQcKH2fSycPZppx7/h+GfVIYlJeAGgsaAhZJUCcIG8hMa7p8IZEL0VHXijGOTHA9VJDF8NI/y9q5uFWQ==
